// !$*UTF8*$!
{
	archiveVersion = 1;
	classes = {
	};
	objectVersion = 56;
	objects = {

/* Begin PBXBuildFile section */
		8E227AE12BF50C30002C0D93 /* Practice_TCAApp.swift in Sources */ = {isa = PBXBuildFile; fileRef = 8E227AE02BF50C30002C0D93 /* Practice_TCAApp.swift */; };
		8E227AE52BF50C31002C0D93 /* Assets.xcassets in Resources */ = {isa = PBXBuildFile; fileRef = 8E227AE42BF50C31002C0D93 /* Assets.xcassets */; };
		8E227AE82BF50C31002C0D93 /* Preview Assets.xcassets in Resources */ = {isa = PBXBuildFile; fileRef = 8E227AE72BF50C31002C0D93 /* Preview Assets.xcassets */; };
		8E227AF02BF50C80002C0D93 /* ComposableArchitecture in Frameworks */ = {isa = PBXBuildFile; productRef = 8E227AEF2BF50C80002C0D93 /* ComposableArchitecture */; };
		8E227AFB2BF5120C002C0D93 /* CounterView.swift in Sources */ = {isa = PBXBuildFile; fileRef = 8E227AFA2BF5120C002C0D93 /* CounterView.swift */; };
		8E9D49632BF6508F00996B6C /* CounterFeature.swift in Sources */ = {isa = PBXBuildFile; fileRef = 8E9D49622BF6508F00996B6C /* CounterFeature.swift */; };
		8E9D498D2BF757B200996B6C /* MainTabView.swift in Sources */ = {isa = PBXBuildFile; fileRef = 8E9D498C2BF757B200996B6C /* MainTabView.swift */; };
		8E9D49902BF75C9500996B6C /* TabFeature.swift in Sources */ = {isa = PBXBuildFile; fileRef = 8E9D498F2BF75C9500996B6C /* TabFeature.swift */; };
		8E9D49952BF7905E00996B6C /* ContactsFeature.swift in Sources */ = {isa = PBXBuildFile; fileRef = 8E9D49942BF7905E00996B6C /* ContactsFeature.swift */; };
		8E9D49972BF7916600996B6C /* ContactsView.swift in Sources */ = {isa = PBXBuildFile; fileRef = 8E9D49962BF7916600996B6C /* ContactsView.swift */; };
		8E9D49992BF794DC00996B6C /* AddContactFeature.swift in Sources */ = {isa = PBXBuildFile; fileRef = 8E9D49982BF794DC00996B6C /* AddContactFeature.swift */; };
		8E9D499B2BF795C800996B6C /* AddContactView.swift in Sources */ = {isa = PBXBuildFile; fileRef = 8E9D499A2BF795C800996B6C /* AddContactView.swift */; };
		8E9D499F2BF8E6BD00996B6C /* PomodoroFeature.swift in Sources */ = {isa = PBXBuildFile; fileRef = 8E9D499E2BF8E6BD00996B6C /* PomodoroFeature.swift */; };
		8E9D49A12BF8E7C400996B6C /* PomodoroView.swift in Sources */ = {isa = PBXBuildFile; fileRef = 8E9D49A02BF8E7C400996B6C /* PomodoroView.swift */; };
		8E9D49A42BF8EC6700996B6C /* ContactDetailFeature.swift in Sources */ = {isa = PBXBuildFile; fileRef = 8E9D49A32BF8EC6700996B6C /* ContactDetailFeature.swift */; };
		8E9D49A62BF8ED1A00996B6C /* ContactDetailView.swift in Sources */ = {isa = PBXBuildFile; fileRef = 8E9D49A52BF8ED1A00996B6C /* ContactDetailView.swift */; };
/* End PBXBuildFile section */

/* Begin PBXFileReference section */
		8E227ADD2BF50C30002C0D93 /* Practice_TCA.app */ = {isa = PBXFileReference; explicitFileType = wrapper.application; includeInIndex = 0; path = Practice_TCA.app; sourceTree = BUILT_PRODUCTS_DIR; };
		8E227AE02BF50C30002C0D93 /* Practice_TCAApp.swift */ = {isa = PBXFileReference; lastKnownFileType = sourcecode.swift; path = Practice_TCAApp.swift; sourceTree = "<group>"; };
		8E227AE42BF50C31002C0D93 /* Assets.xcassets */ = {isa = PBXFileReference; lastKnownFileType = folder.assetcatalog; path = Assets.xcassets; sourceTree = "<group>"; };
		8E227AE72BF50C31002C0D93 /* Preview Assets.xcassets */ = {isa = PBXFileReference; lastKnownFileType = folder.assetcatalog; path = "Preview Assets.xcassets"; sourceTree = "<group>"; };
		8E227AFA2BF5120C002C0D93 /* CounterView.swift */ = {isa = PBXFileReference; lastKnownFileType = sourcecode.swift; path = CounterView.swift; sourceTree = "<group>"; };
		8E9D49612BF6414000996B6C /* Practice-TCA-Info.plist */ = {isa = PBXFileReference; lastKnownFileType = text.plist; path = "Practice-TCA-Info.plist"; sourceTree = SOURCE_ROOT; };
		8E9D49622BF6508F00996B6C /* CounterFeature.swift */ = {isa = PBXFileReference; lastKnownFileType = sourcecode.swift; path = CounterFeature.swift; sourceTree = "<group>"; };
		8E9D498C2BF757B200996B6C /* MainTabView.swift */ = {isa = PBXFileReference; lastKnownFileType = sourcecode.swift; path = MainTabView.swift; sourceTree = "<group>"; };
		8E9D498F2BF75C9500996B6C /* TabFeature.swift */ = {isa = PBXFileReference; lastKnownFileType = sourcecode.swift; path = TabFeature.swift; sourceTree = "<group>"; };
		8E9D49942BF7905E00996B6C /* ContactsFeature.swift */ = {isa = PBXFileReference; lastKnownFileType = sourcecode.swift; path = ContactsFeature.swift; sourceTree = "<group>"; };
		8E9D49962BF7916600996B6C /* ContactsView.swift */ = {isa = PBXFileReference; lastKnownFileType = sourcecode.swift; path = ContactsView.swift; sourceTree = "<group>"; };
		8E9D49982BF794DC00996B6C /* AddContactFeature.swift */ = {isa = PBXFileReference; lastKnownFileType = sourcecode.swift; path = AddContactFeature.swift; sourceTree = "<group>"; };
		8E9D499A2BF795C800996B6C /* AddContactView.swift */ = {isa = PBXFileReference; lastKnownFileType = sourcecode.swift; path = AddContactView.swift; sourceTree = "<group>"; };
		8E9D499E2BF8E6BD00996B6C /* PomodoroFeature.swift */ = {isa = PBXFileReference; lastKnownFileType = sourcecode.swift; path = PomodoroFeature.swift; sourceTree = "<group>"; };
		8E9D49A02BF8E7C400996B6C /* PomodoroView.swift */ = {isa = PBXFileReference; lastKnownFileType = sourcecode.swift; path = PomodoroView.swift; sourceTree = "<group>"; };
		8E9D49A32BF8EC6700996B6C /* ContactDetailFeature.swift */ = {isa = PBXFileReference; lastKnownFileType = sourcecode.swift; path = ContactDetailFeature.swift; sourceTree = "<group>"; };
		8E9D49A52BF8ED1A00996B6C /* ContactDetailView.swift */ = {isa = PBXFileReference; lastKnownFileType = sourcecode.swift; path = ContactDetailView.swift; sourceTree = "<group>"; };
/* End PBXFileReference section */

/* Begin PBXFrameworksBuildPhase section */
		8E227ADA2BF50C30002C0D93 /* Frameworks */ = {
			isa = PBXFrameworksBuildPhase;
			buildActionMask = 2147483647;
			files = (
				8E227AF02BF50C80002C0D93 /* ComposableArchitecture in Frameworks */,
			);
			runOnlyForDeploymentPostprocessing = 0;
		};
/* End PBXFrameworksBuildPhase section */

/* Begin PBXGroup section */
		8E227AD42BF50C30002C0D93 = {
			isa = PBXGroup;
			children = (
				8E227ADF2BF50C30002C0D93 /* Practice_TCA */,
				8E227ADE2BF50C30002C0D93 /* Products */,
			);
			sourceTree = "<group>";
		};
		8E227ADE2BF50C30002C0D93 /* Products */ = {
			isa = PBXGroup;
			children = (
				8E227ADD2BF50C30002C0D93 /* Practice_TCA.app */,
			);
			name = Products;
			sourceTree = "<group>";
		};
		8E227ADF2BF50C30002C0D93 /* Practice_TCA */ = {
			isa = PBXGroup;
			children = (
				8E9D49612BF6414000996B6C /* Practice-TCA-Info.plist */,
				8E227AF22BF51171002C0D93 /* App */,
				8E227AF52BF51196002C0D93 /* Scenes */,
				8E227AF62BF511B1002C0D93 /* Core */,
				8E227AF72BF511BC002C0D93 /* Models */,
				8E227AF92BF511C9002C0D93 /* Services */,
				8E227AE42BF50C31002C0D93 /* Assets.xcassets */,
				8E227AE62BF50C31002C0D93 /* Preview Content */,
			);
			path = Practice_TCA;
			sourceTree = "<group>";
		};
		8E227AE62BF50C31002C0D93 /* Preview Content */ = {
			isa = PBXGroup;
			children = (
				8E227AE72BF50C31002C0D93 /* Preview Assets.xcassets */,
			);
			path = "Preview Content";
			sourceTree = "<group>";
		};
		8E227AF22BF51171002C0D93 /* App */ = {
			isa = PBXGroup;
			children = (
				8E227AE02BF50C30002C0D93 /* Practice_TCAApp.swift */,
			);
			path = App;
			sourceTree = "<group>";
		};
		8E227AF52BF51196002C0D93 /* Scenes */ = {
			isa = PBXGroup;
			children = (
				8E9D499D2BF8E66000996B6C /* Pomodoro */,
				8E9D49932BF7904A00996B6C /* Contacts */,
				8E9D498E2BF75C7000996B6C /* TabView */,
				8E227B042BF5133B002C0D93 /* Counter */,
			);
			path = Scenes;
			sourceTree = "<group>";
		};
		8E227AF62BF511B1002C0D93 /* Core */ = {
			isa = PBXGroup;
			children = (
			);
			path = Core;
			sourceTree = "<group>";
		};
		8E227AF72BF511BC002C0D93 /* Models */ = {
			isa = PBXGroup;
			children = (
			);
			path = Models;
			sourceTree = "<group>";
		};
		8E227AF92BF511C9002C0D93 /* Services */ = {
			isa = PBXGroup;
			children = (
			);
			path = Services;
			sourceTree = "<group>";
		};
		8E227B042BF5133B002C0D93 /* Counter */ = {
			isa = PBXGroup;
			children = (
				8E227AFA2BF5120C002C0D93 /* CounterView.swift */,
				8E9D49622BF6508F00996B6C /* CounterFeature.swift */,
			);
			path = Counter;
			sourceTree = "<group>";
		};
		8E9D498E2BF75C7000996B6C /* TabView */ = {
			isa = PBXGroup;
			children = (
				8E9D498C2BF757B200996B6C /* MainTabView.swift */,
				8E9D498F2BF75C9500996B6C /* TabFeature.swift */,
			);
			path = TabView;
			sourceTree = "<group>";
		};
		8E9D49932BF7904A00996B6C /* Contacts */ = {
			isa = PBXGroup;
			children = (
				8E9D49962BF7916600996B6C /* ContactsView.swift */,
				8E9D49942BF7905E00996B6C /* ContactsFeature.swift */,
				8E9D499C2BF795CE00996B6C /* AddContact */,
				8E9D49A22BF8EC5400996B6C /* ContactDetail */,
			);
			path = Contacts;
			sourceTree = "<group>";
		};
		8E9D499C2BF795CE00996B6C /* AddContact */ = {
			isa = PBXGroup;
			children = (
				8E9D499A2BF795C800996B6C /* AddContactView.swift */,
				8E9D49982BF794DC00996B6C /* AddContactFeature.swift */,
			);
			path = AddContact;
			sourceTree = "<group>";
		};
		8E9D499D2BF8E66000996B6C /* Pomodoro */ = {
			isa = PBXGroup;
			children = (
				8E9D499E2BF8E6BD00996B6C /* PomodoroFeature.swift */,
				8E9D49A02BF8E7C400996B6C /* PomodoroView.swift */,
			);
			path = Pomodoro;
			sourceTree = "<group>";
		};
		8E9D49A22BF8EC5400996B6C /* ContactDetail */ = {
			isa = PBXGroup;
			children = (
				8E9D49A52BF8ED1A00996B6C /* ContactDetailView.swift */,
				8E9D49A32BF8EC6700996B6C /* ContactDetailFeature.swift */,
			);
			path = ContactDetail;
			sourceTree = "<group>";
		};
/* End PBXGroup section */

/* Begin PBXNativeTarget section */
		8E227ADC2BF50C30002C0D93 /* Practice_TCA */ = {
			isa = PBXNativeTarget;
			buildConfigurationList = 8E227AEB2BF50C31002C0D93 /* Build configuration list for PBXNativeTarget "Practice_TCA" */;
			buildPhases = (
				8E227AD92BF50C30002C0D93 /* Sources */,
				8E227ADA2BF50C30002C0D93 /* Frameworks */,
				8E227ADB2BF50C30002C0D93 /* Resources */,
			);
			buildRules = (
			);
			dependencies = (
			);
			name = Practice_TCA;
			packageProductDependencies = (
				8E227AEF2BF50C80002C0D93 /* ComposableArchitecture */,
			);
			productName = Practice_TCA;
			productReference = 8E227ADD2BF50C30002C0D93 /* Practice_TCA.app */;
			productType = "com.apple.product-type.application";
		};
/* End PBXNativeTarget section */

/* Begin PBXProject section */
		8E227AD52BF50C30002C0D93 /* Project object */ = {
			isa = PBXProject;
			attributes = {
				BuildIndependentTargetsInParallel = 1;
				LastSwiftUpdateCheck = 1530;
				LastUpgradeCheck = 1530;
				TargetAttributes = {
					8E227ADC2BF50C30002C0D93 = {
						CreatedOnToolsVersion = 15.3;
					};
				};
			};
			buildConfigurationList = 8E227AD82BF50C30002C0D93 /* Build configuration list for PBXProject "Practice_TCA" */;
			compatibilityVersion = "Xcode 14.0";
			developmentRegion = en;
			hasScannedForEncodings = 0;
			knownRegions = (
				en,
				Base,
			);
			mainGroup = 8E227AD42BF50C30002C0D93;
			packageReferences = (
				8E227AEE2BF50C80002C0D93 /* XCRemoteSwiftPackageReference "swift-composable-architecture" */,
			);
			productRefGroup = 8E227ADE2BF50C30002C0D93 /* Products */;
			projectDirPath = "";
			projectRoot = "";
			targets = (
				8E227ADC2BF50C30002C0D93 /* Practice_TCA */,
			);
		};
/* End PBXProject section */

/* Begin PBXResourcesBuildPhase section */
		8E227ADB2BF50C30002C0D93 /* Resources */ = {
			isa = PBXResourcesBuildPhase;
			buildActionMask = 2147483647;
			files = (
				8E227AE82BF50C31002C0D93 /* Preview Assets.xcassets in Resources */,
				8E227AE52BF50C31002C0D93 /* Assets.xcassets in Resources */,
			);
			runOnlyForDeploymentPostprocessing = 0;
		};
/* End PBXResourcesBuildPhase section */

/* Begin PBXSourcesBuildPhase section */
		8E227AD92BF50C30002C0D93 /* Sources */ = {
			isa = PBXSourcesBuildPhase;
			buildActionMask = 2147483647;
			files = (
				8E9D498D2BF757B200996B6C /* MainTabView.swift in Sources */,
				8E9D49902BF75C9500996B6C /* TabFeature.swift in Sources */,
				8E227AE12BF50C30002C0D93 /* Practice_TCAApp.swift in Sources */,
				8E9D499F2BF8E6BD00996B6C /* PomodoroFeature.swift in Sources */,
				8E9D49A42BF8EC6700996B6C /* ContactDetailFeature.swift in Sources */,
				8E9D49A62BF8ED1A00996B6C /* ContactDetailView.swift in Sources */,
				8E9D49992BF794DC00996B6C /* AddContactFeature.swift in Sources */,
				8E227AFB2BF5120C002C0D93 /* CounterView.swift in Sources */,
				8E9D49A12BF8E7C400996B6C /* PomodoroView.swift in Sources */,
				8E9D49632BF6508F00996B6C /* CounterFeature.swift in Sources */,
				8E9D499B2BF795C800996B6C /* AddContactView.swift in Sources */,
				8E9D49952BF7905E00996B6C /* ContactsFeature.swift in Sources */,
				8E9D49972BF7916600996B6C /* ContactsView.swift in Sources */,
			);
			runOnlyForDeploymentPostprocessing = 0;
		};
/* End PBXSourcesBuildPhase section */

/* Begin XCBuildConfiguration section */
		8E227AE92BF50C31002C0D93 /* Debug */ = {
			isa = XCBuildConfiguration;
			buildSettings = {
				ALWAYS_SEARCH_USER_PATHS = NO;
				ASSETCATALOG_COMPILER_GENERATE_SWIFT_ASSET_SYMBOL_EXTENSIONS = YES;
				CLANG_ANALYZER_NONNULL = YES;
				CLANG_ANALYZER_NUMBER_OBJECT_CONVERSION = YES_AGGRESSIVE;
				CLANG_CXX_LANGUAGE_STANDARD = "gnu++20";
				CLANG_ENABLE_MODULES = YES;
				CLANG_ENABLE_OBJC_ARC = YES;
				CLANG_ENABLE_OBJC_WEAK = YES;
				CLANG_WARN_BLOCK_CAPTURE_AUTORELEASING = YES;
				CLANG_WARN_BOOL_CONVERSION = YES;
				CLANG_WARN_COMMA = YES;
				CLANG_WARN_CONSTANT_CONVERSION = YES;
				CLANG_WARN_DEPRECATED_OBJC_IMPLEMENTATIONS = YES;
				CLANG_WARN_DIRECT_OBJC_ISA_USAGE = YES_ERROR;
				CLANG_WARN_DOCUMENTATION_COMMENTS = YES;
				CLANG_WARN_EMPTY_BODY = YES;
				CLANG_WARN_ENUM_CONVERSION = YES;
				CLANG_WARN_INFINITE_RECURSION = YES;
				CLANG_WARN_INT_CONVERSION = YES;
				CLANG_WARN_NON_LITERAL_NULL_CONVERSION = YES;
				CLANG_WARN_OBJC_IMPLICIT_RETAIN_SELF = YES;
				CLANG_WARN_OBJC_LITERAL_CONVERSION = YES;
				CLANG_WARN_OBJC_ROOT_CLASS = YES_ERROR;
				CLANG_WARN_QUOTED_INCLUDE_IN_FRAMEWORK_HEADER = YES;
				CLANG_WARN_RANGE_LOOP_ANALYSIS = YES;
				CLANG_WARN_STRICT_PROTOTYPES = YES;
				CLANG_WARN_SUSPICIOUS_MOVE = YES;
				CLANG_WARN_UNGUARDED_AVAILABILITY = YES_AGGRESSIVE;
				CLANG_WARN_UNREACHABLE_CODE = YES;
				CLANG_WARN__DUPLICATE_METHOD_MATCH = YES;
				COPY_PHASE_STRIP = NO;
				DEBUG_INFORMATION_FORMAT = dwarf;
				ENABLE_STRICT_OBJC_MSGSEND = YES;
				ENABLE_TESTABILITY = YES;
				ENABLE_USER_SCRIPT_SANDBOXING = YES;
				GCC_C_LANGUAGE_STANDARD = gnu17;
				GCC_DYNAMIC_NO_PIC = NO;
				GCC_NO_COMMON_BLOCKS = YES;
				GCC_OPTIMIZATION_LEVEL = 0;
				GCC_PREPROCESSOR_DEFINITIONS = (
					"DEBUG=1",
					"$(inherited)",
				);
				GCC_WARN_64_TO_32_BIT_CONVERSION = YES;
				GCC_WARN_ABOUT_RETURN_TYPE = YES_ERROR;
				GCC_WARN_UNDECLARED_SELECTOR = YES;
				GCC_WARN_UNINITIALIZED_AUTOS = YES_AGGRESSIVE;
				GCC_WARN_UNUSED_FUNCTION = YES;
				GCC_WARN_UNUSED_VARIABLE = YES;
				IPHONEOS_DEPLOYMENT_TARGET = 16.0;
				LOCALIZATION_PREFERS_STRING_CATALOGS = YES;
				MTL_ENABLE_DEBUG_INFO = INCLUDE_SOURCE;
				MTL_FAST_MATH = YES;
				ONLY_ACTIVE_ARCH = YES;
				SDKROOT = iphoneos;
				SWIFT_ACTIVE_COMPILATION_CONDITIONS = "DEBUG $(inherited)";
				SWIFT_OPTIMIZATION_LEVEL = "-Onone";
			};
			name = Debug;
		};
		8E227AEA2BF50C31002C0D93 /* Release */ = {
			isa = XCBuildConfiguration;
			buildSettings = {
				ALWAYS_SEARCH_USER_PATHS = NO;
				ASSETCATALOG_COMPILER_GENERATE_SWIFT_ASSET_SYMBOL_EXTENSIONS = YES;
				CLANG_ANALYZER_NONNULL = YES;
				CLANG_ANALYZER_NUMBER_OBJECT_CONVERSION = YES_AGGRESSIVE;
				CLANG_CXX_LANGUAGE_STANDARD = "gnu++20";
				CLANG_ENABLE_MODULES = YES;
				CLANG_ENABLE_OBJC_ARC = YES;
				CLANG_ENABLE_OBJC_WEAK = YES;
				CLANG_WARN_BLOCK_CAPTURE_AUTORELEASING = YES;
				CLANG_WARN_BOOL_CONVERSION = YES;
				CLANG_WARN_COMMA = YES;
				CLANG_WARN_CONSTANT_CONVERSION = YES;
				CLANG_WARN_DEPRECATED_OBJC_IMPLEMENTATIONS = YES;
				CLANG_WARN_DIRECT_OBJC_ISA_USAGE = YES_ERROR;
				CLANG_WARN_DOCUMENTATION_COMMENTS = YES;
				CLANG_WARN_EMPTY_BODY = YES;
				CLANG_WARN_ENUM_CONVERSION = YES;
				CLANG_WARN_INFINITE_RECURSION = YES;
				CLANG_WARN_INT_CONVERSION = YES;
				CLANG_WARN_NON_LITERAL_NULL_CONVERSION = YES;
				CLANG_WARN_OBJC_IMPLICIT_RETAIN_SELF = YES;
				CLANG_WARN_OBJC_LITERAL_CONVERSION = YES;
				CLANG_WARN_OBJC_ROOT_CLASS = YES_ERROR;
				CLANG_WARN_QUOTED_INCLUDE_IN_FRAMEWORK_HEADER = YES;
				CLANG_WARN_RANGE_LOOP_ANALYSIS = YES;
				CLANG_WARN_STRICT_PROTOTYPES = YES;
				CLANG_WARN_SUSPICIOUS_MOVE = YES;
				CLANG_WARN_UNGUARDED_AVAILABILITY = YES_AGGRESSIVE;
				CLANG_WARN_UNREACHABLE_CODE = YES;
				CLANG_WARN__DUPLICATE_METHOD_MATCH = YES;
				COPY_PHASE_STRIP = NO;
				DEBUG_INFORMATION_FORMAT = "dwarf-with-dsym";
				ENABLE_NS_ASSERTIONS = NO;
				ENABLE_STRICT_OBJC_MSGSEND = YES;
				ENABLE_USER_SCRIPT_SANDBOXING = YES;
				GCC_C_LANGUAGE_STANDARD = gnu17;
				GCC_NO_COMMON_BLOCKS = YES;
				GCC_WARN_64_TO_32_BIT_CONVERSION = YES;
				GCC_WARN_ABOUT_RETURN_TYPE = YES_ERROR;
				GCC_WARN_UNDECLARED_SELECTOR = YES;
				GCC_WARN_UNINITIALIZED_AUTOS = YES_AGGRESSIVE;
				GCC_WARN_UNUSED_FUNCTION = YES;
				GCC_WARN_UNUSED_VARIABLE = YES;
				IPHONEOS_DEPLOYMENT_TARGET = 16.0;
				LOCALIZATION_PREFERS_STRING_CATALOGS = YES;
				MTL_ENABLE_DEBUG_INFO = NO;
				MTL_FAST_MATH = YES;
				SDKROOT = iphoneos;
				SWIFT_COMPILATION_MODE = wholemodule;
				VALIDATE_PRODUCT = YES;
			};
			name = Release;
		};
		8E227AEC2BF50C31002C0D93 /* Debug */ = {
			isa = XCBuildConfiguration;
			buildSettings = {
				ASSETCATALOG_COMPILER_APPICON_NAME = AppIcon;
				ASSETCATALOG_COMPILER_GLOBAL_ACCENT_COLOR_NAME = AccentColor;
				CODE_SIGN_STYLE = Automatic;
				CURRENT_PROJECT_VERSION = 1;
				DEVELOPMENT_ASSET_PATHS = "\"Practice_TCA/Preview Content\"";
				DEVELOPMENT_TEAM = N63SBJ4UPF;
				ENABLE_PREVIEWS = YES;
				GENERATE_INFOPLIST_FILE = YES;
				INFOPLIST_FILE = "Practice-TCA-Info.plist";
				INFOPLIST_KEY_UIApplicationSceneManifest_Generation = YES;
				INFOPLIST_KEY_UIApplicationSupportsIndirectInputEvents = YES;
				INFOPLIST_KEY_UILaunchScreen_Generation = YES;
				INFOPLIST_KEY_UISupportedInterfaceOrientations_iPad = "UIInterfaceOrientationPortrait UIInterfaceOrientationPortraitUpsideDown UIInterfaceOrientationLandscapeLeft UIInterfaceOrientationLandscapeRight";
				INFOPLIST_KEY_UISupportedInterfaceOrientations_iPhone = "UIInterfaceOrientationPortrait UIInterfaceOrientationLandscapeLeft UIInterfaceOrientationLandscapeRight";
				LD_RUNPATH_SEARCH_PATHS = (
					"$(inherited)",
					"@executable_path/Frameworks",
				);
				MARKETING_VERSION = 1.0;
				PRODUCT_BUNDLE_IDENTIFIER = "com.youngjoo.Practice-TCA";
				PRODUCT_NAME = "$(TARGET_NAME)";
				SWIFT_EMIT_LOC_STRINGS = YES;
				SWIFT_VERSION = 5.0;
				TARGETED_DEVICE_FAMILY = "1,2";
			};
			name = Debug;
		};
		8E227AED2BF50C31002C0D93 /* Release */ = {
			isa = XCBuildConfiguration;
			buildSettings = {
				ASSETCATALOG_COMPILER_APPICON_NAME = AppIcon;
				ASSETCATALOG_COMPILER_GLOBAL_ACCENT_COLOR_NAME = AccentColor;
				CODE_SIGN_STYLE = Automatic;
				CURRENT_PROJECT_VERSION = 1;
				DEVELOPMENT_ASSET_PATHS = "\"Practice_TCA/Preview Content\"";
				DEVELOPMENT_TEAM = N63SBJ4UPF;
				ENABLE_PREVIEWS = YES;
				GENERATE_INFOPLIST_FILE = YES;
				INFOPLIST_FILE = "Practice-TCA-Info.plist";
				INFOPLIST_KEY_UIApplicationSceneManifest_Generation = YES;
				INFOPLIST_KEY_UIApplicationSupportsIndirectInputEvents = YES;
				INFOPLIST_KEY_UILaunchScreen_Generation = YES;
				INFOPLIST_KEY_UISupportedInterfaceOrientations_iPad = "UIInterfaceOrientationPortrait UIInterfaceOrientationPortraitUpsideDown UIInterfaceOrientationLandscapeLeft UIInterfaceOrientationLandscapeRight";
				INFOPLIST_KEY_UISupportedInterfaceOrientations_iPhone = "UIInterfaceOrientationPortrait UIInterfaceOrientationLandscapeLeft UIInterfaceOrientationLandscapeRight";
				LD_RUNPATH_SEARCH_PATHS = (
					"$(inherited)",
					"@executable_path/Frameworks",
				);
				MARKETING_VERSION = 1.0;
				PRODUCT_BUNDLE_IDENTIFIER = "com.youngjoo.Practice-TCA";
				PRODUCT_NAME = "$(TARGET_NAME)";
				SWIFT_EMIT_LOC_STRINGS = YES;
				SWIFT_VERSION = 5.0;
				TARGETED_DEVICE_FAMILY = "1,2";
			};
			name = Release;
		};
/* End XCBuildConfiguration section */

/* Begin XCConfigurationList section */
		8E227AD82BF50C30002C0D93 /* Build configuration list for PBXProject "Practice_TCA" */ = {
			isa = XCConfigurationList;
			buildConfigurations = (
				8E227AE92BF50C31002C0D93 /* Debug */,
				8E227AEA2BF50C31002C0D93 /* Release */,
			);
			defaultConfigurationIsVisible = 0;
			defaultConfigurationName = Release;
		};
		8E227AEB2BF50C31002C0D93 /* Build configuration list for PBXNativeTarget "Practice_TCA" */ = {
			isa = XCConfigurationList;
			buildConfigurations = (
				8E227AEC2BF50C31002C0D93 /* Debug */,
				8E227AED2BF50C31002C0D93 /* Release */,
			);
			defaultConfigurationIsVisible = 0;
			defaultConfigurationName = Release;
		};
/* End XCConfigurationList section */

/* Begin XCRemoteSwiftPackageReference section */
		8E227AEE2BF50C80002C0D93 /* XCRemoteSwiftPackageReference "swift-composable-architecture" */ = {
			isa = XCRemoteSwiftPackageReference;
			repositoryURL = "https://github.com/pointfreeco/swift-composable-architecture.git";
			requirement = {
				kind = upToNextMajorVersion;
				minimumVersion = 1.10.4;
			};
		};
/* End XCRemoteSwiftPackageReference section */

/* Begin XCSwiftPackageProductDependency section */
		8E227AEF2BF50C80002C0D93 /* ComposableArchitecture */ = {
			isa = XCSwiftPackageProductDependency;
			package = 8E227AEE2BF50C80002C0D93 /* XCRemoteSwiftPackageReference "swift-composable-architecture" */;
			productName = ComposableArchitecture;
		};
/* End XCSwiftPackageProductDependency section */
	};
	rootObject = 8E227AD52BF50C30002C0D93 /* Project object */;
}
